
Microsoft Visual Studio Solution File, Format Version 12.00
# Visual Studio Version 17
VisualStudioVersion = 17.11.35208.52
MinimumVisualStudioVersion = 10.0.40219.1
Project("{FAE04EC0-301F-11D3-BF4B-00C04F79EFBC}") = "Ejercicio10_#Mayor, medio y menor", "Ejercicio10_#Mayor, medio y menor\Ejercicio10_#Mayor, medio y menor.csproj", "{D360497B-7826-4F32-81EF-909AABEDC49B}"
EndProject
Global
	GlobalSection(SolutionConfigurationPlatforms) = preSolution
		Debug|Any CPU = Debug|Any CPU
		Release|Any CPU = Release|Any CPU
	EndGlobalSection
	GlobalSection(ProjectConfigurationPlatforms) = postSolution
		{D360497B-7826-4F32-81EF-909AABEDC49B}.Debug|Any CPU.ActiveCfg = Debug|Any CPU
		{D360497B-7826-4F32-81EF-909AABEDC49B}.Debug|Any CPU.Build.0 = Debug|Any CPU
		{D360497B-7826-4F32-81EF-909AABEDC49B}.Release|Any CPU.ActiveCfg = Release|Any CPU
		{D360497B-7826-4F32-81EF-909AABEDC49B}.Release|Any CPU.Build.0 = Release|Any CPU
	EndGlobalSection
	GlobalSection(SolutionProperties) = preSolution
		HideSolutionNode = FALSE
	EndGlobalSection
	GlobalSection(ExtensibilityGlobals) = postSolution
		SolutionGuid = {F8097883-09D6-4ADD-A7B1-C422745864B4}
	EndGlobalSection
EndGlobal
